# This file is automatically @generated by Cargo.
# It is not intended for manual editing.
version = 4

[[package]]
name = "StarBreaker"
version = "0.1.0"
dependencies = [
 "starbreaker-core",
 "starbreaker-datacore",
 "starbreaker-export",
 "starbreaker-gui",
 "starbreaker-parsers",
 "starbreaker-render",
 "starbreaker-vfs",
]

[[package]]
name = "starbreaker-core"
version = "0.1.0"

[[package]]
name = "starbreaker-datacore"
version = "0.1.0"

[[package]]
name = "starbreaker-export"
version = "0.1.0"

[[package]]
name = "starbreaker-gui"
version = "0.1.0"

[[package]]
name = "starbreaker-parsers"
version = "0.1.0"

[[package]]
name = "starbreaker-render"
version = "0.1.0"

[[package]]
name = "starbreaker-vfs"
version = "0.1.0"
